
Microsoft Visual Studio Solution File, Format Version 12.00
# Visual Studio Version 16
VisualStudioVersion = 16.0.32106.194
MinimumVisualStudioVersion = 10.0.40219.1
Project("{9A19103F-16F7-4668-BE54-9A1E7A4F7556}") = "APPROG7311", "APPROG7311.csproj", "{E59F837A-C287-47DC-B4A5-865F570CDB73}"
EndProject
Global
	GlobalSection(SolutionConfigurationPlatforms) = preSolution
		Debug|Any CPU = Debug|Any CPU
		Release|Any CPU = Release|Any CPU
	EndGlobalSection
	GlobalSection(ProjectConfigurationPlatforms) = postSolution
		{E59F837A-C287-47DC-B4A5-865F570CDB73}.Debug|Any CPU.ActiveCfg = Debug|Any CPU
		{E59F837A-C287-47DC-B4A5-865F570CDB73}.Debug|Any CPU.Build.0 = Debug|Any CPU
		{E59F837A-C287-47DC-B4A5-865F570CDB73}.Release|Any CPU.ActiveCfg = Release|Any CPU
		{E59F837A-C287-47DC-B4A5-865F570CDB73}.Release|Any CPU.Build.0 = Release|Any CPU
	EndGlobalSection
	GlobalSection(SolutionProperties) = preSolution
		HideSolutionNode = FALSE
	EndGlobalSection
	GlobalSection(ExtensibilityGlobals) = postSolution
		SolutionGuid = {B92C249E-932A-472D-9B8C-0C55E81BCE49}
	EndGlobalSection
EndGlobal
